
Microsoft Visual Studio Solution File, Format Version 12.00
# Visual Studio Version 17
VisualStudioVersion = 17.3.32922.545
MinimumVisualStudioVersion = 10.0.40219.1
Project("{9A19103F-16F7-4668-BE54-9A1E7A4F7556}") = "TPR.UrlProtection.Tests", "TPR.UrlProtection.Tests\TPR.UrlProtection.Tests.csproj", "{20CF4AB2-ECC4-44F2-8F52-AEED10C68842}"
EndProject
Project("{9A19103F-16F7-4668-BE54-9A1E7A4F7556}") = "TPR.UrlProtection", "TPR.UrlProtection\TPR.UrlProtection.csproj", "{6F113D18-C326-469D-BBF2-EBB4F7F9429D}"
EndProject
Global
	GlobalSection(SolutionConfigurationPlatforms) = preSolution
		Debug|Any CPU = Debug|Any CPU
		Release|Any CPU = Release|Any CPU
	EndGlobalSection
	GlobalSection(ProjectConfigurationPlatforms) = postSolution
		{20CF4AB2-ECC4-44F2-8F52-AEED10C68842}.Debug|Any CPU.ActiveCfg = Debug|Any CPU
		{20CF4AB2-ECC4-44F2-8F52-AEED10C68842}.Debug|Any CPU.Build.0 = Debug|Any CPU
		{20CF4AB2-ECC4-44F2-8F52-AEED10C68842}.Release|Any CPU.ActiveCfg = Release|Any CPU
		{20CF4AB2-ECC4-44F2-8F52-AEED10C68842}.Release|Any CPU.Build.0 = Release|Any CPU
		{6F113D18-C326-469D-BBF2-EBB4F7F9429D}.Debug|Any CPU.ActiveCfg = Debug|Any CPU
		{6F113D18-C326-469D-BBF2-EBB4F7F9429D}.Debug|Any CPU.Build.0 = Debug|Any CPU
		{6F113D18-C326-469D-BBF2-EBB4F7F9429D}.Release|Any CPU.ActiveCfg = Release|Any CPU
		{6F113D18-C326-469D-BBF2-EBB4F7F9429D}.Release|Any CPU.Build.0 = Release|Any CPU
	EndGlobalSection
	GlobalSection(SolutionProperties) = preSolution
		HideSolutionNode = FALSE
	EndGlobalSection
	GlobalSection(ExtensibilityGlobals) = postSolution
		SolutionGuid = {B679B671-D987-4C40-9E87-D97E67104959}
	EndGlobalSection
EndGlobal
